
Microsoft Visual Studio Solution File, Format Version 12.00
# Visual Studio Version 16
VisualStudioVersion = 16.0.31205.134
MinimumVisualStudioVersion = 10.0.40219.1
Project("{FAE04EC0-301F-11D3-BF4B-00C04F79EFBC}") = "SignalRChat", "SignalRChat\SignalRChat.csproj", "{F1ACC881-5D20-412B-B53B-7C094B04672D}"
EndProject
Global
	GlobalSection(SolutionConfigurationPlatforms) = preSolution
		Debug|Any CPU = Debug|Any CPU
		Release|Any CPU = Release|Any CPU
	EndGlobalSection
	GlobalSection(ProjectConfigurationPlatforms) = postSolution
		{F1ACC881-5D20-412B-B53B-7C094B04672D}.Debug|Any CPU.ActiveCfg = Debug|Any CPU
		{F1ACC881-5D20-412B-B53B-7C094B04672D}.Debug|Any CPU.Build.0 = Debug|Any CPU
		{F1ACC881-5D20-412B-B53B-7C094B04672D}.Release|Any CPU.ActiveCfg = Release|Any CPU
		{F1ACC881-5D20-412B-B53B-7C094B04672D}.Release|Any CPU.Build.0 = Release|Any CPU
	EndGlobalSection
	GlobalSection(SolutionProperties) = preSolution
		HideSolutionNode = FALSE
	EndGlobalSection
	GlobalSection(ExtensibilityGlobals) = postSolution
		SolutionGuid = {FDCF72D5-2D94-428D-9E2C-899CAED38122}
	EndGlobalSection
EndGlobal
